
Microsoft Visual Studio Solution File, Format Version 12.00
# Visual Studio Version 17
VisualStudioVersion = 17.6.33815.320
MinimumVisualStudioVersion = 10.0.40219.1
Project("{FAE04EC0-301F-11D3-BF4B-00C04F79EFBC}") = "WebApplication1", "WebApplication1\WebApplication1.csproj", "{27C1886C-7053-45D6-A630-81102A8001CC}"
EndProject
Global
	GlobalSection(SolutionConfigurationPlatforms) = preSolution
		Debug|Any CPU = Debug|Any CPU
		Release|Any CPU = Release|Any CPU
	EndGlobalSection
	GlobalSection(ProjectConfigurationPlatforms) = postSolution
		{27C1886C-7053-45D6-A630-81102A8001CC}.Debug|Any CPU.ActiveCfg = Debug|Any CPU
		{27C1886C-7053-45D6-A630-81102A8001CC}.Debug|Any CPU.Build.0 = Debug|Any CPU
		{27C1886C-7053-45D6-A630-81102A8001CC}.Release|Any CPU.ActiveCfg = Release|Any CPU
		{27C1886C-7053-45D6-A630-81102A8001CC}.Release|Any CPU.Build.0 = Release|Any CPU
	EndGlobalSection
	GlobalSection(SolutionProperties) = preSolution
		HideSolutionNode = FALSE
	EndGlobalSection
	GlobalSection(ExtensibilityGlobals) = postSolution
		SolutionGuid = {68DE06E1-51BE-4006-AF70-6733ABAF4B96}
	EndGlobalSection
EndGlobal
